
Microsoft Visual Studio Solution File, Format Version 12.00
# Visual Studio Version 17
VisualStudioVersion = 17.2.32616.157
MinimumVisualStudioVersion = 10.0.40219.1
Project("{FAE04EC0-301F-11D3-BF4B-00C04F79EFBC}") = "ArraysC", "ArraysC\ArraysC.csproj", "{B858E619-D18C-43E4-8698-5A0BFF1E5902}"
EndProject
Global
	GlobalSection(SolutionConfigurationPlatforms) = preSolution
		Debug|Any CPU = Debug|Any CPU
		Release|Any CPU = Release|Any CPU
	EndGlobalSection
	GlobalSection(ProjectConfigurationPlatforms) = postSolution
		{B858E619-D18C-43E4-8698-5A0BFF1E5902}.Debug|Any CPU.ActiveCfg = Debug|Any CPU
		{B858E619-D18C-43E4-8698-5A0BFF1E5902}.Debug|Any CPU.Build.0 = Debug|Any CPU
		{B858E619-D18C-43E4-8698-5A0BFF1E5902}.Release|Any CPU.ActiveCfg = Release|Any CPU
		{B858E619-D18C-43E4-8698-5A0BFF1E5902}.Release|Any CPU.Build.0 = Release|Any CPU
	EndGlobalSection
	GlobalSection(SolutionProperties) = preSolution
		HideSolutionNode = FALSE
	EndGlobalSection
	GlobalSection(ExtensibilityGlobals) = postSolution
		SolutionGuid = {E1EDF4AA-DA28-4EE9-85B2-531153B3BBC8}
	EndGlobalSection
EndGlobal
